{
  "name": "designrefs-worker",
  "lockfileVersion": 3,
  "requires": true,
  "packages": {
    "": {
      "name": "designrefs-worker",
      "dependencies": {
        "@cloudflare/playwright": "^1.3.0"
      }
    },
    "node_modules/@cloudflare/playwright": {
      "version": "1.3.0",
      "resolved": "https://registry.npmjs.org/@cloudflare/playwright/-/playwright-1.3.0.tgz",
      "integrity": "sha512-WOlpXzfJ7noXmW8qE/qlU7MbVHyt9IzxxwPcTGeh2+YQS1gqNIe3fl99AZvBsheH0o7oCePYtL9wRV1KPCYghQ==",
      "license": "Apache-2.0"
    }
  }
}
